
Microsoft Visual Studio Solution File, Format Version 12.00
# Visual Studio Version 17
VisualStudioVersion = 17.11.35312.102
MinimumVisualStudioVersion = 10.0.40219.1
Project("{FAE04EC0-301F-11D3-BF4B-00C04F79EFBC}") = "Масиви і рядки", "Масиви і рядки\Масиви і рядки.csproj", "{934A7F6C-1884-4C14-8331-B447E2B3645C}"
EndProject
Global
	GlobalSection(SolutionConfigurationPlatforms) = preSolution
		Debug|Any CPU = Debug|Any CPU
		Release|Any CPU = Release|Any CPU
	EndGlobalSection
	GlobalSection(ProjectConfigurationPlatforms) = postSolution
		{934A7F6C-1884-4C14-8331-B447E2B3645C}.Debug|Any CPU.ActiveCfg = Debug|Any CPU
		{934A7F6C-1884-4C14-8331-B447E2B3645C}.Debug|Any CPU.Build.0 = Debug|Any CPU
		{934A7F6C-1884-4C14-8331-B447E2B3645C}.Release|Any CPU.ActiveCfg = Release|Any CPU
		{934A7F6C-1884-4C14-8331-B447E2B3645C}.Release|Any CPU.Build.0 = Release|Any CPU
	EndGlobalSection
	GlobalSection(SolutionProperties) = preSolution
		HideSolutionNode = FALSE
	EndGlobalSection
	GlobalSection(ExtensibilityGlobals) = postSolution
		SolutionGuid = {91D27758-005C-4DEC-9DA8-3C9CE4FB75FC}
	EndGlobalSection
EndGlobal
